lockfileVersion: '9.0'

settings:
  autoInstallPeers: true
  excludeLinksFromLockfile: false

importers:

  .:
    dependencies:
      '@markdoc/markdoc':
        specifier: ^0.5.2
        version: 0.5.7

packages:

  '@markdoc/markdoc@0.5.7':
    resolution: {integrity: sha512-NxreNThm7foFgMMQD6zgk7rKkcFMmdC8J5r+Zn4FKoN75F5YjvwdihwF11VhrBfL3CXnD4+YG1VYwvBL+igzvw==}
    engines: {node: '>=14.7.0'}
    peerDependencies:
      '@types/react': '*'
      react: '*'
    peerDependenciesMeta:
      '@types/react':
        optional: true
      react:
        optional: true

  '@types/linkify-it@3.0.5':
    resolution: {integrity: sha512-yg6E+u0/+Zjva+buc3EIb+29XEg4wltq7cSmd4Uc2EE/1nUVmxyzpX6gUXD0V8jIrG0r7YeOGVIbYRkxeooCtw==}

  '@types/markdown-it@12.2.3':
    resolution: {integrity: sha512-GKMHFfv3458yYy+v/N8gjufHO6MSZKCOXpZc5GXIWWy8uldwfmPn98vp81gZ5f9SVw8YYBctgfJ22a2d7AOMeQ==}

  '@types/mdurl@2.0.0':
    resolution: {integrity: sha512-RGdgjQUZba5p6QEFAVx2OGb8rQDL/cPRG7GiedRzMcJ1tYnUANBncjbSB1NRGwbvjcPeikRABz2nshyPk1bhWg==}

snapshots:

  '@markdoc/markdoc@0.5.7':
    optionalDependencies:
      '@types/linkify-it': 3.0.5
      '@types/markdown-it': 12.2.3

  '@types/linkify-it@3.0.5':
    optional: true

  '@types/markdown-it@12.2.3':
    dependencies:
      '@types/linkify-it': 3.0.5
      '@types/mdurl': 2.0.0
    optional: true

  '@types/mdurl@2.0.0':
    optional: true
